
Microsoft Visual Studio Solution File, Format Version 12.00
# Visual Studio Version 17
VisualStudioVersion = 17.8.34322.80
MinimumVisualStudioVersion = 10.0.40219.1
Project("{9A19103F-16F7-4668-BE54-9A1E7A4F7556}") = "TuneLab", "TuneLab\TuneLab.csproj", "{7A1CB308-6675-41B4-AFBB-2571F73DF527}"
EndProject
Project("{9A19103F-16F7-4668-BE54-9A1E7A4F7556}") = "TuneLab.Base", "TuneLab.Base\TuneLab.Base.csproj", "{D4393F6D-111D-408C-8CCC-5B39275604C1}"
EndProject
Project("{9A19103F-16F7-4668-BE54-9A1E7A4F7556}") = "TuneLab.Extensions.Formats", "TuneLab.Extensions.Formats\TuneLab.Extensions.Formats.csproj", "{EA96076D-8A9F-42C5-AF5B-E90507FFAA55}"
EndProject
Project("{9A19103F-16F7-4668-BE54-9A1E7A4F7556}") = "TuneLab.Extensions.Voices", "TuneLab.Extensions.Voices\TuneLab.Extensions.Voices.csproj", "{030B7C4C-D99F-4B75-BAB6-DF0AAD5D0493}"
EndProject
Project("{9A19103F-16F7-4668-BE54-9A1E7A4F7556}") = "ExtensionInstaller", "ExtensionInstaller\ExtensionInstaller.csproj", "{DBAA9C1E-C084-4788-9AF7-9E5A349CC412}"
EndProject
Project("{9A19103F-16F7-4668-BE54-9A1E7A4F7556}") = "TuneLab.SDK.Effect", "TuneLab.Extensions.Effect\TuneLab.SDK.Effect.csproj", "{5D3C9494-544A-411E-BDEC-EC84D0A27F69}"
EndProject
Project("{9A19103F-16F7-4668-BE54-9A1E7A4F7556}") = "TuneLab.SDK.Synthesizer", "TuneLab.Synthesizer\TuneLab.SDK.Synthesizer.csproj", "{FA881409-C065-4356-88BE-3DA7CBCA576B}"
EndProject
Project("{9A19103F-16F7-4668-BE54-9A1E7A4F7556}") = "TuneLab.SDK.Format", "TuneLab.SDK.Format\TuneLab.SDK.Format.csproj", "{13DC28DF-CF76-471C-8F3A-200C06C7574A}"
EndProject
Project("{FAE04EC0-301F-11D3-BF4B-00C04F79EFBC}") = "TuneLab.SDK.Base", "TuneLab.SDK.Base\TuneLab.SDK.Base.csproj", "{C95DE93A-6B90-44D5-A623-025836DB2DE4}"
EndProject
Project("{FAE04EC0-301F-11D3-BF4B-00C04F79EFBC}") = "TuneLab.Foundation", "TuneLab.Foundation\TuneLab.Foundation.csproj", "{A4775E6F-5529-44E3-9098-0EECDC014229}"
EndProject
Global
	GlobalSection(SolutionConfigurationPlatforms) = preSolution
		Debug|Any CPU = Debug|Any CPU
		Release|Any CPU = Release|Any CPU
	EndGlobalSection
	GlobalSection(ProjectConfigurationPlatforms) = postSolution
		{7A1CB308-6675-41B4-AFBB-2571F73DF527}.Debug|Any CPU.ActiveCfg = Debug|Any CPU
		{7A1CB308-6675-41B4-AFBB-2571F73DF527}.Debug|Any CPU.Build.0 = Debug|Any CPU
		{7A1CB308-6675-41B4-AFBB-2571F73DF527}.Release|Any CPU.ActiveCfg = Release|Any CPU
		{7A1CB308-6675-41B4-AFBB-2571F73DF527}.Release|Any CPU.Build.0 = Release|Any CPU
		{D4393F6D-111D-408C-8CCC-5B39275604C1}.Debug|Any CPU.ActiveCfg = Debug|Any CPU
		{D4393F6D-111D-408C-8CCC-5B39275604C1}.Debug|Any CPU.Build.0 = Debug|Any CPU
		{D4393F6D-111D-408C-8CCC-5B39275604C1}.Release|Any CPU.ActiveCfg = Release|Any CPU
		{D4393F6D-111D-408C-8CCC-5B39275604C1}.Release|Any CPU.Build.0 = Release|Any CPU
		{EA96076D-8A9F-42C5-AF5B-E90507FFAA55}.Debug|Any CPU.ActiveCfg = Debug|Any CPU
		{EA96076D-8A9F-42C5-AF5B-E90507FFAA55}.Debug|Any CPU.Build.0 = Debug|Any CPU
		{EA96076D-8A9F-42C5-AF5B-E90507FFAA55}.Release|Any CPU.ActiveCfg = Release|Any CPU
		{EA96076D-8A9F-42C5-AF5B-E90507FFAA55}.Release|Any CPU.Build.0 = Release|Any CPU
		{030B7C4C-D99F-4B75-BAB6-DF0AAD5D0493}.Debug|Any CPU.ActiveCfg = Debug|Any CPU
		{030B7C4C-D99F-4B75-BAB6-DF0AAD5D0493}.Debug|Any CPU.Build.0 = Debug|Any CPU
		{030B7C4C-D99F-4B75-BAB6-DF0AAD5D0493}.Release|Any CPU.ActiveCfg = Release|Any CPU
		{030B7C4C-D99F-4B75-BAB6-DF0AAD5D0493}.Release|Any CPU.Build.0 = Release|Any CPU
		{DBAA9C1E-C084-4788-9AF7-9E5A349CC412}.Debug|Any CPU.ActiveCfg = Debug|Any CPU
		{DBAA9C1E-C084-4788-9AF7-9E5A349CC412}.Debug|Any CPU.Build.0 = Debug|Any CPU
		{DBAA9C1E-C084-4788-9AF7-9E5A349CC412}.Release|Any CPU.ActiveCfg = Release|Any CPU
		{DBAA9C1E-C084-4788-9AF7-9E5A349CC412}.Release|Any CPU.Build.0 = Release|Any CPU
		{5D3C9494-544A-411E-BDEC-EC84D0A27F69}.Debug|Any CPU.ActiveCfg = Debug|Any CPU
		{5D3C9494-544A-411E-BDEC-EC84D0A27F69}.Debug|Any CPU.Build.0 = Debug|Any CPU
		{5D3C9494-544A-411E-BDEC-EC84D0A27F69}.Release|Any CPU.ActiveCfg = Release|Any CPU
		{5D3C9494-544A-411E-BDEC-EC84D0A27F69}.Release|Any CPU.Build.0 = Release|Any CPU
		{FA881409-C065-4356-88BE-3DA7CBCA576B}.Debug|Any CPU.ActiveCfg = Debug|Any CPU
		{FA881409-C065-4356-88BE-3DA7CBCA576B}.Debug|Any CPU.Build.0 = Debug|Any CPU
		{FA881409-C065-4356-88BE-3DA7CBCA576B}.Release|Any CPU.ActiveCfg = Release|Any CPU
		{FA881409-C065-4356-88BE-3DA7CBCA576B}.Release|Any CPU.Build.0 = Release|Any CPU
		{13DC28DF-CF76-471C-8F3A-200C06C7574A}.Debug|Any CPU.ActiveCfg = Debug|Any CPU
		{13DC28DF-CF76-471C-8F3A-200C06C7574A}.Debug|Any CPU.Build.0 = Debug|Any CPU
		{13DC28DF-CF76-471C-8F3A-200C06C7574A}.Release|Any CPU.ActiveCfg = Release|Any CPU
		{13DC28DF-CF76-471C-8F3A-200C06C7574A}.Release|Any CPU.Build.0 = Release|Any CPU
		{C95DE93A-6B90-44D5-A623-025836DB2DE4}.Debug|Any CPU.ActiveCfg = Debug|Any CPU
		{C95DE93A-6B90-44D5-A623-025836DB2DE4}.Debug|Any CPU.Build.0 = Debug|Any CPU
		{C95DE93A-6B90-44D5-A623-025836DB2DE4}.Release|Any CPU.ActiveCfg = Release|Any CPU
		{C95DE93A-6B90-44D5-A623-025836DB2DE4}.Release|Any CPU.Build.0 = Release|Any CPU
		{A4775E6F-5529-44E3-9098-0EECDC014229}.Debug|Any CPU.ActiveCfg = Debug|Any CPU
		{A4775E6F-5529-44E3-9098-0EECDC014229}.Debug|Any CPU.Build.0 = Debug|Any CPU
		{A4775E6F-5529-44E3-9098-0EECDC014229}.Release|Any CPU.ActiveCfg = Release|Any CPU
		{A4775E6F-5529-44E3-9098-0EECDC014229}.Release|Any CPU.Build.0 = Release|Any CPU
	EndGlobalSection
	GlobalSection(SolutionProperties) = preSolution
		HideSolutionNode = FALSE
	EndGlobalSection
	GlobalSection(ExtensibilityGlobals) = postSolution
		SolutionGuid = {96245EFE-B915-471B-AC1A-8290E843A5BE}
	EndGlobalSection
EndGlobal
