
Microsoft Visual Studio Solution File, Format Version 12.00
# Visual Studio Version 17
VisualStudioVersion = 17.8.34322.80
MinimumVisualStudioVersion = 10.0.40219.1
Project("{9A19103F-16F7-4668-BE54-9A1E7A4F7556}") = "TuneLab", "TuneLab\TuneLab.csproj", "{7A1CB308-6675-41B4-AFBB-2571F73DF527}"
EndProject
Project("{FAE04EC0-301F-11D3-BF4B-00C04F79EFBC}") = "ExtensionInstaller", "ExtensionInstaller\ExtensionInstaller.csproj", "{DBAA9C1E-C084-4788-9AF7-9E5A349CC412}"
EndProject
Project("{FAE04EC0-301F-11D3-BF4B-00C04F79EFBC}") = "TuneLab.Hosting.Foundation", "TuneLab.Hosting.Foundation\TuneLab.Hosting.Foundation.csproj", "{DF70C221-4180-4D8A-9680-E067B58C4C8D}"
EndProject
Project("{FAE04EC0-301F-11D3-BF4B-00C04F79EFBC}") = "TuneLab.Foundation", "TuneLab.Foundation\TuneLab.Foundation.csproj", "{D3E8AD78-C7B5-4403-8CF0-9310326D7FED}"
EndProject
Project("{FAE04EC0-301F-11D3-BF4B-00C04F79EFBC}") = "TuneLab.SDK", "TuneLab.SDK\TuneLab.SDK.csproj", "{46EFC3D2-BD32-42F3-B7CE-0FACD7FE1069}"
EndProject
Project("{2150E333-8FDC-42A3-9474-1A3956D46DE8}") = "tests", "tests", "{0AB3BF05-4346-4AA6-1389-037BE0695223}"
EndProject
Project("{FAE04EC0-301F-11D3-BF4B-00C04F79EFBC}") = "TuneLab.Tests", "tests\TuneLab.Tests\TuneLab.Tests.csproj", "{4F18DBBE-C75D-4CF2-BD32-254D31F4FD4E}"
EndProject
Project("{FAE04EC0-301F-11D3-BF4B-00C04F79EFBC}") = "TuneLab.I18N", "TuneLab.I18N\TuneLab.I18N.csproj", "{B0E7FD48-DFA8-461E-88AC-2987F6CC59B2}"
EndProject
Project("{FAE04EC0-301F-11D3-BF4B-00C04F79EFBC}") = "TuneLab.GUI", "TuneLab.GUI\TuneLab.GUI.csproj", "{4B60F48E-017A-4477-89D1-D6C904B155F2}"
EndProject
Project("{FAE04EC0-301F-11D3-BF4B-00C04F79EFBC}") = "TuneLab.Setup", "TuneLab.Setup\TuneLab.Setup.csproj", "{F62AA12D-F644-4C8C-B49A-A7F2A9A65FAA}"
EndProject
Project("{FAE04EC0-301F-11D3-BF4B-00C04F79EFBC}") = "TuneLab.Setup.Stub", "TuneLab.Setup.Stub\TuneLab.Setup.Stub.csproj", "{1DB6433E-C797-4881-A3AE-79B639A2903C}"
EndProject
Global
	GlobalSection(SolutionConfigurationPlatforms) = preSolution
		Debug|Any CPU = Debug|Any CPU
		Debug|x64 = Debug|x64
		Debug|x86 = Debug|x86
		Release|Any CPU = Release|Any CPU
		Release|x64 = Release|x64
		Release|x86 = Release|x86
	EndGlobalSection
	GlobalSection(ProjectConfigurationPlatforms) = postSolution
		{7A1CB308-6675-41B4-AFBB-2571F73DF527}.Debug|Any CPU.ActiveCfg = Debug|Any CPU
		{7A1CB308-6675-41B4-AFBB-2571F73DF527}.Debug|Any CPU.Build.0 = Debug|Any CPU
		{7A1CB308-6675-41B4-AFBB-2571F73DF527}.Debug|x64.ActiveCfg = Debug|Any CPU
		{7A1CB308-6675-41B4-AFBB-2571F73DF527}.Debug|x64.Build.0 = Debug|Any CPU
		{7A1CB308-6675-41B4-AFBB-2571F73DF527}.Debug|x86.ActiveCfg = Debug|Any CPU
		{7A1CB308-6675-41B4-AFBB-2571F73DF527}.Debug|x86.Build.0 = Debug|Any CPU
		{7A1CB308-6675-41B4-AFBB-2571F73DF527}.Release|Any CPU.ActiveCfg = Release|Any CPU
		{7A1CB308-6675-41B4-AFBB-2571F73DF527}.Release|Any CPU.Build.0 = Release|Any CPU
		{7A1CB308-6675-41B4-AFBB-2571F73DF527}.Release|x64.ActiveCfg = Release|Any CPU
		{7A1CB308-6675-41B4-AFBB-2571F73DF527}.Release|x64.Build.0 = Release|Any CPU
		{7A1CB308-6675-41B4-AFBB-2571F73DF527}.Release|x86.ActiveCfg = Release|Any CPU
		{7A1CB308-6675-41B4-AFBB-2571F73DF527}.Release|x86.Build.0 = Release|Any CPU
		{DBAA9C1E-C084-4788-9AF7-9E5A349CC412}.Debug|Any CPU.ActiveCfg = Debug|Any CPU
		{DBAA9C1E-C084-4788-9AF7-9E5A349CC412}.Debug|Any CPU.Build.0 = Debug|Any CPU
		{DBAA9C1E-C084-4788-9AF7-9E5A349CC412}.Debug|x64.ActiveCfg = Debug|Any CPU
		{DBAA9C1E-C084-4788-9AF7-9E5A349CC412}.Debug|x64.Build.0 = Debug|Any CPU
		{DBAA9C1E-C084-4788-9AF7-9E5A349CC412}.Debug|x86.ActiveCfg = Debug|Any CPU
		{DBAA9C1E-C084-4788-9AF7-9E5A349CC412}.Debug|x86.Build.0 = Debug|Any CPU
		{DBAA9C1E-C084-4788-9AF7-9E5A349CC412}.Release|Any CPU.ActiveCfg = Release|Any CPU
		{DBAA9C1E-C084-4788-9AF7-9E5A349CC412}.Release|Any CPU.Build.0 = Release|Any CPU
		{DBAA9C1E-C084-4788-9AF7-9E5A349CC412}.Release|x64.ActiveCfg = Release|Any CPU
		{DBAA9C1E-C084-4788-9AF7-9E5A349CC412}.Release|x64.Build.0 = Release|Any CPU
		{DBAA9C1E-C084-4788-9AF7-9E5A349CC412}.Release|x86.ActiveCfg = Release|Any CPU
		{DBAA9C1E-C084-4788-9AF7-9E5A349CC412}.Release|x86.Build.0 = Release|Any CPU
		{DF70C221-4180-4D8A-9680-E067B58C4C8D}.Debug|Any CPU.ActiveCfg = Debug|Any CPU
		{DF70C221-4180-4D8A-9680-E067B58C4C8D}.Debug|Any CPU.Build.0 = Debug|Any CPU
		{DF70C221-4180-4D8A-9680-E067B58C4C8D}.Debug|x64.ActiveCfg = Debug|Any CPU
		{DF70C221-4180-4D8A-9680-E067B58C4C8D}.Debug|x64.Build.0 = Debug|Any CPU
		{DF70C221-4180-4D8A-9680-E067B58C4C8D}.Debug|x86.ActiveCfg = Debug|Any CPU
		{DF70C221-4180-4D8A-9680-E067B58C4C8D}.Debug|x86.Build.0 = Debug|Any CPU
		{DF70C221-4180-4D8A-9680-E067B58C4C8D}.Release|Any CPU.ActiveCfg = Release|Any CPU
		{DF70C221-4180-4D8A-9680-E067B58C4C8D}.Release|Any CPU.Build.0 = Release|Any CPU
		{DF70C221-4180-4D8A-9680-E067B58C4C8D}.Release|x64.ActiveCfg = Release|Any CPU
		{DF70C221-4180-4D8A-9680-E067B58C4C8D}.Release|x64.Build.0 = Release|Any CPU
		{DF70C221-4180-4D8A-9680-E067B58C4C8D}.Release|x86.ActiveCfg = Release|Any CPU
		{DF70C221-4180-4D8A-9680-E067B58C4C8D}.Release|x86.Build.0 = Release|Any CPU
		{D3E8AD78-C7B5-4403-8CF0-9310326D7FED}.Debug|Any CPU.ActiveCfg = Debug|Any CPU
		{D3E8AD78-C7B5-4403-8CF0-9310326D7FED}.Debug|Any CPU.Build.0 = Debug|Any CPU
		{D3E8AD78-C7B5-4403-8CF0-9310326D7FED}.Debug|x64.ActiveCfg = Debug|Any CPU
		{D3E8AD78-C7B5-4403-8CF0-9310326D7FED}.Debug|x64.Build.0 = Debug|Any CPU
		{D3E8AD78-C7B5-4403-8CF0-9310326D7FED}.Debug|x86.ActiveCfg = Debug|Any CPU
		{D3E8AD78-C7B5-4403-8CF0-9310326D7FED}.Debug|x86.Build.0 = Debug|Any CPU
		{D3E8AD78-C7B5-4403-8CF0-9310326D7FED}.Release|Any CPU.ActiveCfg = Release|Any CPU
		{D3E8AD78-C7B5-4403-8CF0-9310326D7FED}.Release|Any CPU.Build.0 = Release|Any CPU
		{D3E8AD78-C7B5-4403-8CF0-9310326D7FED}.Release|x64.ActiveCfg = Release|Any CPU
		{D3E8AD78-C7B5-4403-8CF0-9310326D7FED}.Release|x64.Build.0 = Release|Any CPU
		{D3E8AD78-C7B5-4403-8CF0-9310326D7FED}.Release|x86.ActiveCfg = Release|Any CPU
		{D3E8AD78-C7B5-4403-8CF0-9310326D7FED}.Release|x86.Build.0 = Release|Any CPU
		{46EFC3D2-BD32-42F3-B7CE-0FACD7FE1069}.Debug|Any CPU.ActiveCfg = Debug|Any CPU
		{46EFC3D2-BD32-42F3-B7CE-0FACD7FE1069}.Debug|Any CPU.Build.0 = Debug|Any CPU
		{46EFC3D2-BD32-42F3-B7CE-0FACD7FE1069}.Debug|x64.ActiveCfg = Debug|Any CPU
		{46EFC3D2-BD32-42F3-B7CE-0FACD7FE1069}.Debug|x64.Build.0 = Debug|Any CPU
		{46EFC3D2-BD32-42F3-B7CE-0FACD7FE1069}.Debug|x86.ActiveCfg = Debug|Any CPU
		{46EFC3D2-BD32-42F3-B7CE-0FACD7FE1069}.Debug|x86.Build.0 = Debug|Any CPU
		{46EFC3D2-BD32-42F3-B7CE-0FACD7FE1069}.Release|Any CPU.ActiveCfg = Release|Any CPU
		{46EFC3D2-BD32-42F3-B7CE-0FACD7FE1069}.Release|Any CPU.Build.0 = Release|Any CPU
		{46EFC3D2-BD32-42F3-B7CE-0FACD7FE1069}.Release|x64.ActiveCfg = Release|Any CPU
		{46EFC3D2-BD32-42F3-B7CE-0FACD7FE1069}.Release|x64.Build.0 = Release|Any CPU
		{46EFC3D2-BD32-42F3-B7CE-0FACD7FE1069}.Release|x86.ActiveCfg = Release|Any CPU
		{46EFC3D2-BD32-42F3-B7CE-0FACD7FE1069}.Release|x86.Build.0 = Release|Any CPU
		{4F18DBBE-C75D-4CF2-BD32-254D31F4FD4E}.Debug|Any CPU.ActiveCfg = Debug|Any CPU
		{4F18DBBE-C75D-4CF2-BD32-254D31F4FD4E}.Debug|Any CPU.Build.0 = Debug|Any CPU
		{4F18DBBE-C75D-4CF2-BD32-254D31F4FD4E}.Debug|x64.ActiveCfg = Debug|Any CPU
		{4F18DBBE-C75D-4CF2-BD32-254D31F4FD4E}.Debug|x64.Build.0 = Debug|Any CPU
		{4F18DBBE-C75D-4CF2-BD32-254D31F4FD4E}.Debug|x86.ActiveCfg = Debug|Any CPU
		{4F18DBBE-C75D-4CF2-BD32-254D31F4FD4E}.Debug|x86.Build.0 = Debug|Any CPU
		{4F18DBBE-C75D-4CF2-BD32-254D31F4FD4E}.Release|Any CPU.ActiveCfg = Release|Any CPU
		{4F18DBBE-C75D-4CF2-BD32-254D31F4FD4E}.Release|Any CPU.Build.0 = Release|Any CPU
		{4F18DBBE-C75D-4CF2-BD32-254D31F4FD4E}.Release|x64.ActiveCfg = Release|Any CPU
		{4F18DBBE-C75D-4CF2-BD32-254D31F4FD4E}.Release|x64.Build.0 = Release|Any CPU
		{4F18DBBE-C75D-4CF2-BD32-254D31F4FD4E}.Release|x86.ActiveCfg = Release|Any CPU
		{4F18DBBE-C75D-4CF2-BD32-254D31F4FD4E}.Release|x86.Build.0 = Release|Any CPU
		{B0E7FD48-DFA8-461E-88AC-2987F6CC59B2}.Debug|Any CPU.ActiveCfg = Debug|Any CPU
		{B0E7FD48-DFA8-461E-88AC-2987F6CC59B2}.Debug|Any CPU.Build.0 = Debug|Any CPU
		{B0E7FD48-DFA8-461E-88AC-2987F6CC59B2}.Debug|x64.ActiveCfg = Debug|Any CPU
		{B0E7FD48-DFA8-461E-88AC-2987F6CC59B2}.Debug|x64.Build.0 = Debug|Any CPU
		{B0E7FD48-DFA8-461E-88AC-2987F6CC59B2}.Debug|x86.ActiveCfg = Debug|Any CPU
		{B0E7FD48-DFA8-461E-88AC-2987F6CC59B2}.Debug|x86.Build.0 = Debug|Any CPU
		{B0E7FD48-DFA8-461E-88AC-2987F6CC59B2}.Release|Any CPU.ActiveCfg = Release|Any CPU
		{B0E7FD48-DFA8-461E-88AC-2987F6CC59B2}.Release|Any CPU.Build.0 = Release|Any CPU
		{B0E7FD48-DFA8-461E-88AC-2987F6CC59B2}.Release|x64.ActiveCfg = Release|Any CPU
		{B0E7FD48-DFA8-461E-88AC-2987F6CC59B2}.Release|x64.Build.0 = Release|Any CPU
		{B0E7FD48-DFA8-461E-88AC-2987F6CC59B2}.Release|x86.ActiveCfg = Release|Any CPU
		{B0E7FD48-DFA8-461E-88AC-2987F6CC59B2}.Release|x86.Build.0 = Release|Any CPU
		{4B60F48E-017A-4477-89D1-D6C904B155F2}.Debug|Any CPU.ActiveCfg = Debug|Any CPU
		{4B60F48E-017A-4477-89D1-D6C904B155F2}.Debug|Any CPU.Build.0 = Debug|Any CPU
		{4B60F48E-017A-4477-89D1-D6C904B155F2}.Debug|x64.ActiveCfg = Debug|Any CPU
		{4B60F48E-017A-4477-89D1-D6C904B155F2}.Debug|x64.Build.0 = Debug|Any CPU
		{4B60F48E-017A-4477-89D1-D6C904B155F2}.Debug|x86.ActiveCfg = Debug|Any CPU
		{4B60F48E-017A-4477-89D1-D6C904B155F2}.Debug|x86.Build.0 = Debug|Any CPU
		{4B60F48E-017A-4477-89D1-D6C904B155F2}.Release|Any CPU.ActiveCfg = Release|Any CPU
		{4B60F48E-017A-4477-89D1-D6C904B155F2}.Release|Any CPU.Build.0 = Release|Any CPU
		{4B60F48E-017A-4477-89D1-D6C904B155F2}.Release|x64.ActiveCfg = Release|Any CPU
		{4B60F48E-017A-4477-89D1-D6C904B155F2}.Release|x64.Build.0 = Release|Any CPU
		{4B60F48E-017A-4477-89D1-D6C904B155F2}.Release|x86.ActiveCfg = Release|Any CPU
		{4B60F48E-017A-4477-89D1-D6C904B155F2}.Release|x86.Build.0 = Release|Any CPU
		{F62AA12D-F644-4C8C-B49A-A7F2A9A65FAA}.Debug|Any CPU.ActiveCfg = Debug|Any CPU
		{F62AA12D-F644-4C8C-B49A-A7F2A9A65FAA}.Debug|Any CPU.Build.0 = Debug|Any CPU
		{F62AA12D-F644-4C8C-B49A-A7F2A9A65FAA}.Debug|x64.ActiveCfg = Debug|Any CPU
		{F62AA12D-F644-4C8C-B49A-A7F2A9A65FAA}.Debug|x64.Build.0 = Debug|Any CPU
		{F62AA12D-F644-4C8C-B49A-A7F2A9A65FAA}.Debug|x86.ActiveCfg = Debug|Any CPU
		{F62AA12D-F644-4C8C-B49A-A7F2A9A65FAA}.Debug|x86.Build.0 = Debug|Any CPU
		{F62AA12D-F644-4C8C-B49A-A7F2A9A65FAA}.Release|Any CPU.ActiveCfg = Release|Any CPU
		{F62AA12D-F644-4C8C-B49A-A7F2A9A65FAA}.Release|Any CPU.Build.0 = Release|Any CPU
		{F62AA12D-F644-4C8C-B49A-A7F2A9A65FAA}.Release|x64.ActiveCfg = Release|Any CPU
		{F62AA12D-F644-4C8C-B49A-A7F2A9A65FAA}.Release|x64.Build.0 = Release|Any CPU
		{F62AA12D-F644-4C8C-B49A-A7F2A9A65FAA}.Release|x86.ActiveCfg = Release|Any CPU
		{F62AA12D-F644-4C8C-B49A-A7F2A9A65FAA}.Release|x86.Build.0 = Release|Any CPU
		{1DB6433E-C797-4881-A3AE-79B639A2903C}.Debug|Any CPU.ActiveCfg = Debug|Any CPU
		{1DB6433E-C797-4881-A3AE-79B639A2903C}.Debug|Any CPU.Build.0 = Debug|Any CPU
		{1DB6433E-C797-4881-A3AE-79B639A2903C}.Debug|x64.ActiveCfg = Debug|Any CPU
		{1DB6433E-C797-4881-A3AE-79B639A2903C}.Debug|x64.Build.0 = Debug|Any CPU
		{1DB6433E-C797-4881-A3AE-79B639A2903C}.Debug|x86.ActiveCfg = Debug|Any CPU
		{1DB6433E-C797-4881-A3AE-79B639A2903C}.Debug|x86.Build.0 = Debug|Any CPU
		{1DB6433E-C797-4881-A3AE-79B639A2903C}.Release|Any CPU.ActiveCfg = Release|Any CPU
		{1DB6433E-C797-4881-A3AE-79B639A2903C}.Release|Any CPU.Build.0 = Release|Any CPU
		{1DB6433E-C797-4881-A3AE-79B639A2903C}.Release|x64.ActiveCfg = Release|Any CPU
		{1DB6433E-C797-4881-A3AE-79B639A2903C}.Release|x64.Build.0 = Release|Any CPU
		{1DB6433E-C797-4881-A3AE-79B639A2903C}.Release|x86.ActiveCfg = Release|Any CPU
		{1DB6433E-C797-4881-A3AE-79B639A2903C}.Release|x86.Build.0 = Release|Any CPU
	EndGlobalSection
	GlobalSection(SolutionProperties) = preSolution
		HideSolutionNode = FALSE
	EndGlobalSection
	GlobalSection(NestedProjects) = preSolution
		{4F18DBBE-C75D-4CF2-BD32-254D31F4FD4E} = {0AB3BF05-4346-4AA6-1389-037BE0695223}
	EndGlobalSection
	GlobalSection(ExtensibilityGlobals) = postSolution
		SolutionGuid = {96245EFE-B915-471B-AC1A-8290E843A5BE}
	EndGlobalSection
EndGlobal
